
Microsoft Visual Studio Solution File, Format Version 12.00
# Visual Studio Version 17
VisualStudioVersion = 17.1.32328.378
MinimumVisualStudioVersion = 10.0.40219.1
Project("{FAE04EC0-301F-11D3-BF4B-00C04F79EFBC}") = "Expense Tracker", "Expense Tracker\Expense Tracker.csproj", "{9213DF9D-1AD0-43A3-B3C5-4F025992022C}"
EndProject
Global
	GlobalSection(SolutionConfigurationPlatforms) = preSolution
		Debug|Any CPU = Debug|Any CPU
		Release|Any CPU = Release|Any CPU
	EndGlobalSection
	GlobalSection(ProjectConfigurationPlatforms) = postSolution
		{9213DF9D-1AD0-43A3-B3C5-4F025992022C}.Debug|Any CPU.ActiveCfg = Debug|Any CPU
		{9213DF9D-1AD0-43A3-B3C5-4F025992022C}.Debug|Any CPU.Build.0 = Debug|Any CPU
		{9213DF9D-1AD0-43A3-B3C5-4F025992022C}.Release|Any CPU.ActiveCfg = Release|Any CPU
		{9213DF9D-1AD0-43A3-B3C5-4F025992022C}.Release|Any CPU.Build.0 = Release|Any CPU
	EndGlobalSection
	GlobalSection(SolutionProperties) = preSolution
		HideSolutionNode = FALSE
	EndGlobalSection
	GlobalSection(ExtensibilityGlobals) = postSolution
		SolutionGuid = {885C6801-D0C3-43CC-BA7A-C9693A634550}
	EndGlobalSection
EndGlobal
